// !$*UTF8*$!
{
	archiveVersion = 1;
	classes = {
	};
	objectVersion = 55;
	objects = {

/* Begin PBXBuildFile section */
		8E99CE9527F031D90073E7C3 /* AppDelegate.swift in Sources */ = {isa = PBXBuildFile; fileRef = 8E99CE9427F031D90073E7C3 /* AppDelegate.swift */; };
		8E99CE9727F031D90073E7C3 /* SceneDelegate.swift in Sources */ = {isa = PBXBuildFile; fileRef = 8E99CE9627F031D90073E7C3 /* SceneDelegate.swift */; };
		8E99CE9927F031D90073E7C3 /* ViewController.swift in Sources */ = {isa = PBXBuildFile; fileRef = 8E99CE9827F031D90073E7C3 /* ViewController.swift */; };
		8E99CE9C27F031D90073E7C3 /* Main.storyboard in Resources */ = {isa = PBXBuildFile; fileRef = 8E99CE9A27F031D90073E7C3 /* Main.storyboard */; };
		8E99CE9E27F031DB0073E7C3 /* Assets.xcassets in Resources */ = {isa = PBXBuildFile; fileRef = 8E99CE9D27F031DB0073E7C3 /* Assets.xcassets */; };
		8E99CEA127F031DB0073E7C3 /* LaunchScreen.storyboard in Resources */ = {isa = PBXBuildFile; fileRef = 8E99CE9F27F031DB0073E7C3 /* LaunchScreen.storyboard */; };
		8E99CEAC27F031DB0073E7C3 /* QSSwiftDemoTests.swift in Sources */ = {isa = PBXBuildFile; fileRef = 8E99CEAB27F031DB0073E7C3 /* QSSwiftDemoTests.swift */; };
		8E99CEB627F031DB0073E7C3 /* QSSwiftDemoUITests.swift in Sources */ = {isa = PBXBuildFile; fileRef = 8E99CEB527F031DB0073E7C3 /* QSSwiftDemoUITests.swift */; };
		8E99CEB827F031DB0073E7C3 /* QSSwiftDemoUITestsLaunchTests.swift in Sources */ = {isa = PBXBuildFile; fileRef = 8E99CEB727F031DB0073E7C3 /* QSSwiftDemoUITestsLaunchTests.swift */; };
/* End PBXBuildFile section */

/* Begin PBXContainerItemProxy section */
		8E99CEA827F031DB0073E7C3 /* PBXContainerItemProxy */ = {
			isa = PBXContainerItemProxy;
			containerPortal = 8E99CE8927F031D90073E7C3 /* Project object */;
			proxyType = 1;
			remoteGlobalIDString = 8E99CE9027F031D90073E7C3;
			remoteInfo = QSSwiftDemo;
		};
		8E99CEB227F031DB0073E7C3 /* PBXContainerItemProxy */ = {
			isa = PBXContainerItemProxy;
			containerPortal = 8E99CE8927F031D90073E7C3 /* Project object */;
			proxyType = 1;
			remoteGlobalIDString = 8E99CE9027F031D90073E7C3;
			remoteInfo = QSSwiftDemo;
		};
/* End PBXContainerItemProxy section */

/* Begin PBXFileReference section */
		8E99CE9127F031D90073E7C3 /* QSSwiftDemo.app */ = {isa = PBXFileReference; explicitFileType = wrapper.application; includeInIndex = 0; path = QSSwiftDemo.app; sourceTree = BUILT_PRODUCTS_DIR; };
		8E99CE9427F031D90073E7C3 /* AppDelegate.swift */ = {isa = PBXFileReference; lastKnownFileType = sourcecode.swift; path = AppDelegate.swift; sourceTree = "<group>"; };
		8E99CE9627F031D90073E7C3 /* SceneDelegate.swift */ = {isa = PBXFileReference; lastKnownFileType = sourcecode.swift; path = SceneDelegate.swift; sourceTree = "<group>"; };
		8E99CE9827F031D90073E7C3 /* ViewController.swift */ = {isa = PBXFileReference; lastKnownFileType = sourcecode.swift; path = ViewController.swift; sourceTree = "<group>"; };
		8E99CE9B27F031D90073E7C3 /* Base */ = {isa = PBXFileReference; lastKnownFileType = file.storyboard; name = Base; path = Base.lproj/Main.storyboard; sourceTree = "<group>"; };
		8E99CE9D27F031DB0073E7C3 /* Assets.xcassets */ = {isa = PBXFileReference; lastKnownFileType = folder.assetcatalog; path = Assets.xcassets; sourceTree = "<group>"; };
		8E99CEA027F031DB0073E7C3 /* Base */ = {isa = PBXFileReference; lastKnownFileType = file.storyboard; name = Base; path = Base.lproj/LaunchScreen.storyboard; sourceTree = "<group>"; };
		8E99CEA227F031DB0073E7C3 /* Info.plist */ = {isa = PBXFileReference; lastKnownFileType = text.plist.xml; path = Info.plist; sourceTree = "<group>"; };
		8E99CEA727F031DB0073E7C3 /* QSSwiftDemoTests.xctest */ = {isa = PBXFileReference; explicitFileType = wrapper.cfbundle; includeInIndex = 0; path = QSSwiftDemoTests.xctest; sourceTree = BUILT_PRODUCTS_DIR; };
		8E99CEAB27F031DB0073E7C3 /* QSSwiftDemoTests.swift */ = {isa = PBXFileReference; lastKnownFileType = sourcecode.swift; path = QSSwiftDemoTests.swift; sourceTree = "<group>"; };
		8E99CEB127F031DB0073E7C3 /* QSSwiftDemoUITests.xctest */ = {isa = PBXFileReference; explicitFileType = wrapper.cfbundle; includeInIndex = 0; path = QSSwiftDemoUITests.xctest; sourceTree = BUILT_PRODUCTS_DIR; };
		8E99CEB527F031DB0073E7C3 /* QSSwiftDemoUITests.swift */ = {isa = PBXFileReference; lastKnownFileType = sourcecode.swift; path = QSSwiftDemoUITests.swift; sourceTree = "<group>"; };
		8E99CEB727F031DB0073E7C3 /* QSSwiftDemoUITestsLaunchTests.swift */ = {isa = PBXFileReference; lastKnownFileType = sourcecode.swift; path = QSSwiftDemoUITestsLaunchTests.swift; sourceTree = "<group>"; };
/* End PBXFileReference section */

/* Begin PBXFrameworksBuildPhase section */
		8E99CE8E27F031D90073E7C3 /* Frameworks */ = {
			isa = PBXFrameworksBuildPhase;
			buildActionMask = 2147483647;
			files = (
			);
			runOnlyForDeploymentPostprocessing = 0;
		};
		8E99CEA427F031DB0073E7C3 /* Frameworks */ = {
			isa = PBXFrameworksBuildPhase;
			buildActionMask = 2147483647;
			files = (
			);
			runOnlyForDeploymentPostprocessing = 0;
		};
		8E99CEAE27F031DB0073E7C3 /* Frameworks */ = {
			isa = PBXFrameworksBuildPhase;
			buildActionMask = 2147483647;
			files = (
			);
			runOnlyForDeploymentPostprocessing = 0;
		};
/* End PBXFrameworksBuildPhase section */

/* Begin PBXGroup section */
		8E99CE8827F031D90073E7C3 = {
			isa = PBXGroup;
			children = (
				8E99CE9327F031D90073E7C3 /* QSSwiftDemo */,
				8E99CEAA27F031DB0073E7C3 /* QSSwiftDemoTests */,
				8E99CEB427F031DB0073E7C3 /* QSSwiftDemoUITests */,
				8E99CE9227F031D90073E7C3 /* Products */,
			);
			sourceTree = "<group>";
		};
		8E99CE9227F031D90073E7C3 /* Products */ = {
			isa = PBXGroup;
			children = (
				8E99CE9127F031D90073E7C3 /* QSSwiftDemo.app */,
				8E99CEA727F031DB0073E7C3 /* QSSwiftDemoTests.xctest */,
				8E99CEB127F031DB0073E7C3 /* QSSwiftDemoUITests.xctest */,
			);
			name = Products;
			sourceTree = "<group>";
		};
		8E99CE9327F031D90073E7C3 /* QSSwiftDemo */ = {
			isa = PBXGroup;
			children = (
				8E99CE9427F031D90073E7C3 /* AppDelegate.swift */,
				8E99CE9627F031D90073E7C3 /* SceneDelegate.swift */,
				8E99CE9827F031D90073E7C3 /* ViewController.swift */,
				8E99CE9A27F031D90073E7C3 /* Main.storyboard */,
				8E99CE9D27F031DB0073E7C3 /* Assets.xcassets */,
				8E99CE9F27F031DB0073E7C3 /* LaunchScreen.storyboard */,
				8E99CEA227F031DB0073E7C3 /* Info.plist */,
			);
			path = QSSwiftDemo;
			sourceTree = "<group>";
		};
		8E99CEAA27F031DB0073E7C3 /* QSSwiftDemoTests */ = {
			isa = PBXGroup;
			children = (
				8E99CEAB27F031DB0073E7C3 /* QSSwiftDemoTests.swift */,
			);
			path = QSSwiftDemoTests;
			sourceTree = "<group>";
		};
		8E99CEB427F031DB0073E7C3 /* QSSwiftDemoUITests */ = {
			isa = PBXGroup;
			children = (
				8E99CEB527F031DB0073E7C3 /* QSSwiftDemoUITests.swift */,
				8E99CEB727F031DB0073E7C3 /* QSSwiftDemoUITestsLaunchTests.swift */,
			);
			path = QSSwiftDemoUITests;
			sourceTree = "<group>";
		};
/* End PBXGroup section */

/* Begin PBXNativeTarget section */
		8E99CE9027F031D90073E7C3 /* QSSwiftDemo */ = {
			isa = PBXNativeTarget;
			buildConfigurationList = 8E99CEBB27F031DB0073E7C3 /* Build configuration list for PBXNativeTarget "QSSwiftDemo" */;
			buildPhases = (
				8E99CE8D27F031D90073E7C3 /* Sources */,
				8E99CE8E27F031D90073E7C3 /* Frameworks */,
				8E99CE8F27F031D90073E7C3 /* Resources */,
			);
			buildRules = (
			);
			dependencies = (
			);
			name = QSSwiftDemo;
			productName = QSSwiftDemo;
			productReference = 8E99CE9127F031D90073E7C3 /* QSSwiftDemo.app */;
			productType = "com.apple.product-type.application";
		};
		8E99CEA627F031DB0073E7C3 /* QSSwiftDemoTests */ = {
			isa = PBXNativeTarget;
			buildConfigurationList = 8E99CEBE27F031DB0073E7C3 /* Build configuration list for PBXNativeTarget "QSSwiftDemoTests" */;
			buildPhases = (
				8E99CEA327F031DB0073E7C3 /* Sources */,
				8E99CEA427F031DB0073E7C3 /* Frameworks */,
				8E99CEA527F031DB0073E7C3 /* Resources */,
			);
			buildRules = (
			);
			dependencies = (
				8E99CEA927F031DB0073E7C3 /* PBXTargetDependency */,
			);
			name = QSSwiftDemoTests;
			productName = QSSwiftDemoTests;
			productReference = 8E99CEA727F031DB0073E7C3 /* QSSwiftDemoTests.xctest */;
			productType = "com.apple.product-type.bundle.unit-test";
		};
		8E99CEB027F031DB0073E7C3 /* QSSwiftDemoUITests */ = {
			isa = PBXNativeTarget;
			buildConfigurationList = 8E99CEC127F031DB0073E7C3 /* Build configuration list for PBXNativeTarget "QSSwiftDemoUITests" */;
			buildPhases = (
				8E99CEAD27F031DB0073E7C3 /* Sources */,
				8E99CEAE27F031DB0073E7C3 /* Frameworks */,
				8E99CEAF27F031DB0073E7C3 /* Resources */,
			);
			buildRules = (
			);
			dependencies = (
				8E99CEB327F031DB0073E7C3 /* PBXTargetDependency */,
			);
			name = QSSwiftDemoUITests;
			productName = QSSwiftDemoUITests;
			productReference = 8E99CEB127F031DB0073E7C3 /* QSSwiftDemoUITests.xctest */;
			productType = "com.apple.product-type.bundle.ui-testing";
		};
/* End PBXNativeTarget section */

/* Begin PBXProject section */
		8E99CE8927F031D90073E7C3 /* Project object */ = {
			isa = PBXProject;
			attributes = {
				BuildIndependentTargetsInParallel = 1;
				LastSwiftUpdateCheck = 1320;
				LastUpgradeCheck = 1320;
				TargetAttributes = {
					8E99CE9027F031D90073E7C3 = {
						CreatedOnToolsVersion = 13.2.1;
					};
					8E99CEA627F031DB0073E7C3 = {
						CreatedOnToolsVersion = 13.2.1;
						TestTargetID = 8E99CE9027F031D90073E7C3;
					};
					8E99CEB027F031DB0073E7C3 = {
						CreatedOnToolsVersion = 13.2.1;
						TestTargetID = 8E99CE9027F031D90073E7C3;
					};
				};
			};
			buildConfigurationList = 8E99CE8C27F031D90073E7C3 /* Build configuration list for PBXProject "QSSwiftDemo" */;
			compatibilityVersion = "Xcode 13.0";
			developmentRegion = en;
			hasScannedForEncodings = 0;
			knownRegions = (
				en,
				Base,
			);
			mainGroup = 8E99CE8827F031D90073E7C3;
			productRefGroup = 8E99CE9227F031D90073E7C3 /* Products */;
			projectDirPath = "";
			projectRoot = "";
			targets = (
				8E99CE9027F031D90073E7C3 /* QSSwiftDemo */,
				8E99CEA627F031DB0073E7C3 /* QSSwiftDemoTests */,
				8E99CEB027F031DB0073E7C3 /* QSSwiftDemoUITests */,
			);
		};
/* End PBXProject section */

/* Begin PBXResourcesBuildPhase section */
		8E99CE8F27F031D90073E7C3 /* Resources */ = {
			isa = PBXResourcesBuildPhase;
			buildActionMask = 2147483647;
			files = (
				8E99CEA127F031DB0073E7C3 /* LaunchScreen.storyboard in Resources */,
				8E99CE9E27F031DB0073E7C3 /* Assets.xcassets in Resources */,
				8E99CE9C27F031D90073E7C3 /* Main.storyboard in Resources */,
			);
			runOnlyForDeploymentPostprocessing = 0;
		};
		8E99CEA527F031DB0073E7C3 /* Resources */ = {
			isa = PBXResourcesBuildPhase;
			buildActionMask = 2147483647;
			files = (
			);
			runOnlyForDeploymentPostprocessing = 0;
		};
		8E99CEAF27F031DB0073E7C3 /* Resources */ = {
			isa = PBXResourcesBuildPhase;
			buildActionMask = 2147483647;
			files = (
			);
			runOnlyForDeploymentPostprocessing = 0;
		};
/* End PBXResourcesBuildPhase section */

/* Begin PBXSourcesBuildPhase section */
		8E99CE8D27F031D90073E7C3 /* Sources */ = {
			isa = PBXSourcesBuildPhase;
			buildActionMask = 2147483647;
			files = (
				8E99CE9927F031D90073E7C3 /* ViewController.swift in Sources */,
				8E99CE9527F031D90073E7C3 /* AppDelegate.swift in Sources */,
				8E99CE9727F031D90073E7C3 /* SceneDelegate.swift in Sources */,
			);
			runOnlyForDeploymentPostprocessing = 0;
		};
		8E99CEA327F031DB0073E7C3 /* Sources */ = {
			isa = PBXSourcesBuildPhase;
			buildActionMask = 2147483647;
			files = (
				8E99CEAC27F031DB0073E7C3 /* QSSwiftDemoTests.swift in Sources */,
			);
			runOnlyForDeploymentPostprocessing = 0;
		};
		8E99CEAD27F031DB0073E7C3 /* Sources */ = {
			isa = PBXSourcesBuildPhase;
			buildActionMask = 2147483647;
			files = (
				8E99CEB627F031DB0073E7C3 /* QSSwiftDemoUITests.swift in Sources */,
				8E99CEB827F031DB0073E7C3 /* QSSwiftDemoUITestsLaunchTests.swift in Sources */,
			);
			runOnlyForDeploymentPostprocessing = 0;
		};
/* End PBXSourcesBuildPhase section */

/* Begin PBXTargetDependency section */
		8E99CEA927F031DB0073E7C3 /* PBXTargetDependency */ = {
			isa = PBXTargetDependency;
			target = 8E99CE9027F031D90073E7C3 /* QSSwiftDemo */;
			targetProxy = 8E99CEA827F031DB0073E7C3 /* PBXContainerItemProxy */;
		};
		8E99CEB327F031DB0073E7C3 /* PBXTargetDependency */ = {
			isa = PBXTargetDependency;
			target = 8E99CE9027F031D90073E7C3 /* QSSwiftDemo */;
			targetProxy = 8E99CEB227F031DB0073E7C3 /* PBXContainerItemProxy */;
		};
/* End PBXTargetDependency section */

/* Begin PBXVariantGroup section */
		8E99CE9A27F031D90073E7C3 /* Main.storyboard */ = {
			isa = PBXVariantGroup;
			children = (
				8E99CE9B27F031D90073E7C3 /* Base */,
			);
			name = Main.storyboard;
			sourceTree = "<group>";
		};
		8E99CE9F27F031DB0073E7C3 /* LaunchScreen.storyboard */ = {
			isa = PBXVariantGroup;
			children = (
				8E99CEA027F031DB0073E7C3 /* Base */,
			);
			name = LaunchScreen.storyboard;
			sourceTree = "<group>";
		};
/* End PBXVariantGroup section */

/* Begin XCBuildConfiguration section */
		8E99CEB927F031DB0073E7C3 /* Debug */ = {
			isa = XCBuildConfiguration;
			buildSettings = {
				ALWAYS_SEARCH_USER_PATHS = NO;
				CLANG_ANALYZER_NONNULL = YES;
				CLANG_ANALYZER_NUMBER_OBJECT_CONVERSION = YES_AGGRESSIVE;
				CLANG_CXX_LANGUAGE_STANDARD = "gnu++17";
				CLANG_CXX_LIBRARY = "libc++";
				CLANG_ENABLE_MODULES = YES;
				CLANG_ENABLE_OBJC_ARC = YES;
				CLANG_ENABLE_OBJC_WEAK = YES;
				CLANG_WARN_BLOCK_CAPTURE_AUTORELEASING = YES;
				CLANG_WARN_BOOL_CONVERSION = YES;
				CLANG_WARN_COMMA = YES;
				CLANG_WARN_CONSTANT_CONVERSION = YES;
				CLANG_WARN_DEPRECATED_OBJC_IMPLEMENTATIONS = YES;
				CLANG_WARN_DIRECT_OBJC_ISA_USAGE = YES_ERROR;
				CLANG_WARN_DOCUMENTATION_COMMENTS = YES;
				CLANG_WARN_EMPTY_BODY = YES;
				CLANG_WARN_ENUM_CONVERSION = YES;
				CLANG_WARN_INFINITE_RECURSION = YES;
				CLANG_WARN_INT_CONVERSION = YES;
				CLANG_WARN_NON_LITERAL_NULL_CONVERSION = YES;
				CLANG_WARN_OBJC_IMPLICIT_RETAIN_SELF = YES;
				CLANG_WARN_OBJC_LITERAL_CONVERSION = YES;
				CLANG_WARN_OBJC_ROOT_CLASS = YES_ERROR;
				CLANG_WARN_QUOTED_INCLUDE_IN_FRAMEWORK_HEADER = YES;
				CLANG_WARN_RANGE_LOOP_ANALYSIS = YES;
				CLANG_WARN_STRICT_PROTOTYPES = YES;
				CLANG_WARN_SUSPICIOUS_MOVE = YES;
				CLANG_WARN_UNGUARDED_AVAILABILITY = YES_AGGRESSIVE;
				CLANG_WARN_UNREACHABLE_CODE = YES;
				CLANG_WARN__DUPLICATE_METHOD_MATCH = YES;
				COPY_PHASE_STRIP = NO;
				DEBUG_INFORMATION_FORMAT = dwarf;
				ENABLE_STRICT_OBJC_MSGSEND = YES;
				ENABLE_TESTABILITY = YES;
				GCC_C_LANGUAGE_STANDARD = gnu11;
				GCC_DYNAMIC_NO_PIC = NO;
				GCC_NO_COMMON_BLOCKS = YES;
				GCC_OPTIMIZATION_LEVEL = 0;
				GCC_PREPROCESSOR_DEFINITIONS = (
					"DEBUG=1",
					"$(inherited)",
				);
				GCC_WARN_64_TO_32_BIT_CONVERSION = YES;
				GCC_WARN_ABOUT_RETURN_TYPE = YES_ERROR;
				GCC_WARN_UNDECLARED_SELECTOR = YES;
				GCC_WARN_UNINITIALIZED_AUTOS = YES_AGGRESSIVE;
				GCC_WARN_UNUSED_FUNCTION = YES;
				GCC_WARN_UNUSED_VARIABLE = YES;
				IPHONEOS_DEPLOYMENT_TARGET = 10.3;
				MTL_ENABLE_DEBUG_INFO = INCLUDE_SOURCE;
				MTL_FAST_MATH = YES;
				ONLY_ACTIVE_ARCH = YES;
				SDKROOT = iphoneos;
				SWIFT_ACTIVE_COMPILATION_CONDITIONS = DEBUG;
				SWIFT_OPTIMIZATION_LEVEL = "-Onone";
			};
			name = Debug;
		};
		8E99CEBA27F031DB0073E7C3 /* Release */ = {
			isa = XCBuildConfiguration;
			buildSettings = {
				ALWAYS_SEARCH_USER_PATHS = NO;
				CLANG_ANALYZER_NONNULL = YES;
				CLANG_ANALYZER_NUMBER_OBJECT_CONVERSION = YES_AGGRESSIVE;
				CLANG_CXX_LANGUAGE_STANDARD = "gnu++17";
				CLANG_CXX_LIBRARY = "libc++";
				CLANG_ENABLE_MODULES = YES;
				CLANG_ENABLE_OBJC_ARC = YES;
				CLANG_ENABLE_OBJC_WEAK = YES;
				CLANG_WARN_BLOCK_CAPTURE_AUTORELEASING = YES;
				CLANG_WARN_BOOL_CONVERSION = YES;
				CLANG_WARN_COMMA = YES;
				CLANG_WARN_CONSTANT_CONVERSION = YES;
				CLANG_WARN_DEPRECATED_OBJC_IMPLEMENTATIONS = YES;
				CLANG_WARN_DIRECT_OBJC_ISA_USAGE = YES_ERROR;
				CLANG_WARN_DOCUMENTATION_COMMENTS = YES;
				CLANG_WARN_EMPTY_BODY = YES;
				CLANG_WARN_ENUM_CONVERSION = YES;
				CLANG_WARN_INFINITE_RECURSION = YES;
				CLANG_WARN_INT_CONVERSION = YES;
				CLANG_WARN_NON_LITERAL_NULL_CONVERSION = YES;
				CLANG_WARN_OBJC_IMPLICIT_RETAIN_SELF = YES;
				CLANG_WARN_OBJC_LITERAL_CONVERSION = YES;
				CLANG_WARN_OBJC_ROOT_CLASS = YES_ERROR;
				CLANG_WARN_QUOTED_INCLUDE_IN_FRAMEWORK_HEADER = YES;
				CLANG_WARN_RANGE_LOOP_ANALYSIS = YES;
				CLANG_WARN_STRICT_PROTOTYPES = YES;
				CLANG_WARN_SUSPICIOUS_MOVE = YES;
				CLANG_WARN_UNGUARDED_AVAILABILITY = YES_AGGRESSIVE;
				CLANG_WARN_UNREACHABLE_CODE = YES;
				CLANG_WARN__DUPLICATE_METHOD_MATCH = YES;
				COPY_PHASE_STRIP = NO;
				DEBUG_INFORMATION_FORMAT = "dwarf-with-dsym";
				ENABLE_NS_ASSERTIONS = NO;
				ENABLE_STRICT_OBJC_MSGSEND = YES;
				GCC_C_LANGUAGE_STANDARD = gnu11;
				GCC_NO_COMMON_BLOCKS = YES;
				GCC_WARN_64_TO_32_BIT_CONVERSION = YES;
				GCC_WARN_ABOUT_RETURN_TYPE = YES_ERROR;
				GCC_WARN_UNDECLARED_SELECTOR = YES;
				GCC_WARN_UNINITIALIZED_AUTOS = YES_AGGRESSIVE;
				GCC_WARN_UNUSED_FUNCTION = YES;
				GCC_WARN_UNUSED_VARIABLE = YES;
				IPHONEOS_DEPLOYMENT_TARGET = 10.3;
				MTL_ENABLE_DEBUG_INFO = NO;
				MTL_FAST_MATH = YES;
				SDKROOT = iphoneos;
				SWIFT_COMPILATION_MODE = wholemodule;
				SWIFT_OPTIMIZATION_LEVEL = "-O";
				VALIDATE_PRODUCT = YES;
			};
			name = Release;
		};
		8E99CEBC27F031DB0073E7C3 /* Debug */ = {
			isa = XCBuildConfiguration;
			buildSettings = {
				ASSETCATALOG_COMPILER_APPICON_NAME = AppIcon;
				ASSETCATALOG_COMPILER_GLOBAL_ACCENT_COLOR_NAME = AccentColor;
				CODE_SIGN_STYLE = Automatic;
				CURRENT_PROJECT_VERSION = 1;
				GENERATE_INFOPLIST_FILE = YES;
				INFOPLIST_FILE = QSSwiftDemo/Info.plist;
				INFOPLIST_KEY_UIApplicationSupportsIndirectInputEvents = YES;
				INFOPLIST_KEY_UILaunchStoryboardName = LaunchScreen;
				INFOPLIST_KEY_UIMainStoryboardFile = Main;
				INFOPLIST_KEY_UISupportedInterfaceOrientations_iPad = "UIInterfaceOrientationPortrait UIInterfaceOrientationPortraitUpsideDown UIInterfaceOrientationLandscapeLeft UIInterfaceOrientationLandscapeRight";
				INFOPLIST_KEY_UISupportedInterfaceOrientations_iPhone = "UIInterfaceOrientationPortrait UIInterfaceOrientationLandscapeLeft UIInterfaceOrientationLandscapeRight";
				LD_RUNPATH_SEARCH_PATHS = (
					"$(inherited)",
					"@executable_path/Frameworks",
				);
				MARKETING_VERSION = 1.0;
				PRODUCT_BUNDLE_IDENTIFIER = com.slowtest.QSSwiftDemo;
				PRODUCT_NAME = "$(TARGET_NAME)";
				SWIFT_EMIT_LOC_STRINGS = YES;
				SWIFT_VERSION = 5.0;
				TARGETED_DEVICE_FAMILY = "1,2";
			};
			name = Debug;
		};
		8E99CEBD27F031DB0073E7C3 /* Release */ = {
			isa = XCBuildConfiguration;
			buildSettings = {
				ASSETCATALOG_COMPILER_APPICON_NAME = AppIcon;
				ASSETCATALOG_COMPILER_GLOBAL_ACCENT_COLOR_NAME = AccentColor;
				CODE_SIGN_STYLE = Automatic;
				CURRENT_PROJECT_VERSION = 1;
				GENERATE_INFOPLIST_FILE = YES;
				INFOPLIST_FILE = QSSwiftDemo/Info.plist;
				INFOPLIST_KEY_UIApplicationSupportsIndirectInputEvents = YES;
				INFOPLIST_KEY_UILaunchStoryboardName = LaunchScreen;
				INFOPLIST_KEY_UIMainStoryboardFile = Main;
				INFOPLIST_KEY_UISupportedInterfaceOrientations_iPad = "UIInterfaceOrientationPortrait UIInterfaceOrientationPortraitUpsideDown UIInterfaceOrientationLandscapeLeft UIInterfaceOrientationLandscapeRight";
				INFOPLIST_KEY_UISupportedInterfaceOrientations_iPhone = "UIInterfaceOrientationPortrait UIInterfaceOrientationLandscapeLeft UIInterfaceOrientationLandscapeRight";
				LD_RUNPATH_SEARCH_PATHS = (
					"$(inherited)",
					"@executable_path/Frameworks",
				);
				MARKETING_VERSION = 1.0;
				PRODUCT_BUNDLE_IDENTIFIER = com.slowtest.QSSwiftDemo;
				PRODUCT_NAME = "$(TARGET_NAME)";
				SWIFT_EMIT_LOC_STRINGS = YES;
				SWIFT_VERSION = 5.0;
				TARGETED_DEVICE_FAMILY = "1,2";
			};
			name = Release;
		};
		8E99CEBF27F031DB0073E7C3 /* Debug */ = {
			isa = XCBuildConfiguration;
			buildSettings = {
				ALWAYS_EMBED_SWIFT_STANDARD_LIBRARIES = YES;
				BUNDLE_LOADER = "$(TEST_HOST)";
				CODE_SIGN_STYLE = Automatic;
				CURRENT_PROJECT_VERSION = 1;
				GENERATE_INFOPLIST_FILE = YES;
				IPHONEOS_DEPLOYMENT_TARGET = 15.2;
				MARKETING_VERSION = 1.0;
				PRODUCT_BUNDLE_IDENTIFIER = com.tianmaotao.test.QSSwiftDemoTests;
				PRODUCT_NAME = "$(TARGET_NAME)";
				SWIFT_EMIT_LOC_STRINGS = NO;
				SWIFT_VERSION = 5.0;
				TARGETED_DEVICE_FAMILY = "1,2";
				TEST_HOST = "$(BUILT_PRODUCTS_DIR)/QSSwiftDemo.app/QSSwiftDemo";
			};
			name = Debug;
		};
		8E99CEC027F031DB0073E7C3 /* Release */ = {
			isa = XCBuildConfiguration;
			buildSettings = {
				ALWAYS_EMBED_SWIFT_STANDARD_LIBRARIES = YES;
				BUNDLE_LOADER = "$(TEST_HOST)";
				CODE_SIGN_STYLE = Automatic;
				CURRENT_PROJECT_VERSION = 1;
				GENERATE_INFOPLIST_FILE = YES;
				IPHONEOS_DEPLOYMENT_TARGET = 15.2;
				MARKETING_VERSION = 1.0;
				PRODUCT_BUNDLE_IDENTIFIER = com.tianmaotao.test.QSSwiftDemoTests;
				PRODUCT_NAME = "$(TARGET_NAME)";
				SWIFT_EMIT_LOC_STRINGS = NO;
				SWIFT_VERSION = 5.0;
				TARGETED_DEVICE_FAMILY = "1,2";
				TEST_HOST = "$(BUILT_PRODUCTS_DIR)/QSSwiftDemo.app/QSSwiftDemo";
			};
			name = Release;
		};
		8E99CEC227F031DB0073E7C3 /* Debug */ = {
			isa = XCBuildConfiguration;
			buildSettings = {
				ALWAYS_EMBED_SWIFT_STANDARD_LIBRARIES = YES;
				CODE_SIGN_STYLE = Automatic;
				CURRENT_PROJECT_VERSION = 1;
				GENERATE_INFOPLIST_FILE = YES;
				MARKETING_VERSION = 1.0;
				PRODUCT_BUNDLE_IDENTIFIER = com.tianmaotao.test.QSSwiftDemoUITests;
				PRODUCT_NAME = "$(TARGET_NAME)";
				SWIFT_EMIT_LOC_STRINGS = NO;
				SWIFT_VERSION = 5.0;
				TARGETED_DEVICE_FAMILY = "1,2";
				TEST_TARGET_NAME = QSSwiftDemo;
			};
			name = Debug;
		};
		8E99CEC327F031DB0073E7C3 /* Release */ = {
			isa = XCBuildConfiguration;
			buildSettings = {
				ALWAYS_EMBED_SWIFT_STANDARD_LIBRARIES = YES;
				CODE_SIGN_STYLE = Automatic;
				CURRENT_PROJECT_VERSION = 1;
				GENERATE_INFOPLIST_FILE = YES;
				MARKETING_VERSION = 1.0;
				PRODUCT_BUNDLE_IDENTIFIER = com.tianmaotao.test.QSSwiftDemoUITests;
				PRODUCT_NAME = "$(TARGET_NAME)";
				SWIFT_EMIT_LOC_STRINGS = NO;
				SWIFT_VERSION = 5.0;
				TARGETED_DEVICE_FAMILY = "1,2";
				TEST_TARGET_NAME = QSSwiftDemo;
			};
			name = Release;
		};
/* End XCBuildConfiguration section */

/* Begin XCConfigurationList section */
		8E99CE8C27F031D90073E7C3 /* Build configuration list for PBXProject "QSSwiftDemo" */ = {
			isa = XCConfigurationList;
			buildConfigurations = (
				8E99CEB927F031DB0073E7C3 /* Debug */,
				8E99CEBA27F031DB0073E7C3 /* Release */,
			);
			defaultConfigurationIsVisible = 0;
			defaultConfigurationName = Release;
		};
		8E99CEBB27F031DB0073E7C3 /* Build configuration list for PBXNativeTarget "QSSwiftDemo" */ = {
			isa = XCConfigurationList;
			buildConfigurations = (
				8E99CEBC27F031DB0073E7C3 /* Debug */,
				8E99CEBD27F031DB0073E7C3 /* Release */,
			);
			defaultConfigurationIsVisible = 0;
			defaultConfigurationName = Release;
		};
		8E99CEBE27F031DB0073E7C3 /* Build configuration list for PBXNativeTarget "QSSwiftDemoTests" */ = {
			isa = XCConfigurationList;
			buildConfigurations = (
				8E99CEBF27F031DB0073E7C3 /* Debug */,
				8E99CEC027F031DB0073E7C3 /* Release */,
			);
			defaultConfigurationIsVisible = 0;
			defaultConfigurationName = Release;
		};
		8E99CEC127F031DB0073E7C3 /* Build configuration list for PBXNativeTarget "QSSwiftDemoUITests" */ = {
			isa = XCConfigurationList;
			buildConfigurations = (
				8E99CEC227F031DB0073E7C3 /* Debug */,
				8E99CEC327F031DB0073E7C3 /* Release */,
			);
			defaultConfigurationIsVisible = 0;
			defaultConfigurationName = Release;
		};
/* End XCConfigurationList section */
	};
	rootObject = 8E99CE8927F031D90073E7C3 /* Project object */;
}
