// !$*UTF8*$!
{
	archiveVersion = 1;
	classes = {
	};
	objectVersion = 50;
	objects = {

/* Begin PBXBuildFile section */
		8E0EE03928A8CE3E00A083E3 /* QSProtocolTest.swift in Sources */ = {isa = PBXBuildFile; fileRef = 8E0EE03828A8CE3E00A083E3 /* QSProtocolTest.swift */; };
		8E0EE03B28A93F1900A083E3 /* QSExtensionTest.swift in Sources */ = {isa = PBXBuildFile; fileRef = 8E0EE03A28A93F1900A083E3 /* QSExtensionTest.swift */; };
		8E0EE03D28A9455300A083E3 /* QSBlockTest.swift in Sources */ = {isa = PBXBuildFile; fileRef = 8E0EE03C28A9455300A083E3 /* QSBlockTest.swift */; };
		8E2878A628ABC8AA0026B3B6 /* QSTabTestController.swift in Sources */ = {isa = PBXBuildFile; fileRef = 8E2878A528ABC8AA0026B3B6 /* QSTabTestController.swift */; };
		8E403D082802BF410009A0FF /* QSViewController.swift in Sources */ = {isa = PBXBuildFile; fileRef = 8E403D072802BF410009A0FF /* QSViewController.swift */; };
		8E7054D22830D07700C074F9 /* CreationalPattern.swift in Sources */ = {isa = PBXBuildFile; fileRef = 8E7054D12830D07700C074F9 /* CreationalPattern.swift */; };
		8E71633328B25A4C00ABA57C /* QSChipGatherTest.swift in Sources */ = {isa = PBXBuildFile; fileRef = 8E71633228B25A4C00ABA57C /* QSChipGatherTest.swift */; };
		8E76018D26C78B74002ADF00 /* AppDelegate.swift in Sources */ = {isa = PBXBuildFile; fileRef = 8E76018C26C78B74002ADF00 /* AppDelegate.swift */; };
		8E76018F26C78B74002ADF00 /* DocumentBrowserViewController.swift in Sources */ = {isa = PBXBuildFile; fileRef = 8E76018E26C78B74002ADF00 /* DocumentBrowserViewController.swift */; };
		8E76019126C78B74002ADF00 /* DocumentViewController.swift in Sources */ = {isa = PBXBuildFile; fileRef = 8E76019026C78B74002ADF00 /* DocumentViewController.swift */; };
		8E76019326C78B74002ADF00 /* Document.swift in Sources */ = {isa = PBXBuildFile; fileRef = 8E76019226C78B74002ADF00 /* Document.swift */; };
		8E76019626C78B74002ADF00 /* Main.storyboard in Resources */ = {isa = PBXBuildFile; fileRef = 8E76019426C78B74002ADF00 /* Main.storyboard */; };
		8E76019826C78B75002ADF00 /* Assets.xcassets in Resources */ = {isa = PBXBuildFile; fileRef = 8E76019726C78B75002ADF00 /* Assets.xcassets */; };
		8E76019B26C78B75002ADF00 /* LaunchScreen.storyboard in Resources */ = {isa = PBXBuildFile; fileRef = 8E76019926C78B75002ADF00 /* LaunchScreen.storyboard */; };
		8E7601A626C78B75002ADF00 /* QSSwiftDemoTests.swift in Sources */ = {isa = PBXBuildFile; fileRef = 8E7601A526C78B75002ADF00 /* QSSwiftDemoTests.swift */; };
		8E7601B126C78B75002ADF00 /* QSSwiftDemoUITests.swift in Sources */ = {isa = PBXBuildFile; fileRef = 8E7601B026C78B75002ADF00 /* QSSwiftDemoUITests.swift */; };
		8E997FD827F980D200D330C3 /* QSBaseTest.swift in Sources */ = {isa = PBXBuildFile; fileRef = 8E997FD727F980D200D330C3 /* QSBaseTest.swift */; };
		8EABB317280BF4F3001782AE /* QSBaseUIAdapter.swift in Sources */ = {isa = PBXBuildFile; fileRef = 8EABB316280BF4F3001782AE /* QSBaseUIAdapter.swift */; };
		8ED6433028A3EE22005908C5 /* QSEnumTest.swift in Sources */ = {isa = PBXBuildFile; fileRef = 8ED6432F28A3EE22005908C5 /* QSEnumTest.swift */; };
		8ED6433228A3EE34005908C5 /* QSClassTest.swift in Sources */ = {isa = PBXBuildFile; fileRef = 8ED6433128A3EE34005908C5 /* QSClassTest.swift */; };
		8ED6433428A3EE40005908C5 /* QSStructTest.swift in Sources */ = {isa = PBXBuildFile; fileRef = 8ED6433328A3EE40005908C5 /* QSStructTest.swift */; };
		8EE21A4128B08C2D0007BDEB /* QSInitTest.swift in Sources */ = {isa = PBXBuildFile; fileRef = 8EE21A4028B08C2D0007BDEB /* QSInitTest.swift */; };
		8EEF0555289AB6EA00CADD1E /* QSTabController.swift in Sources */ = {isa = PBXBuildFile; fileRef = 8EEF0554289AB6EA00CADD1E /* QSTabController.swift */; };
		8EEF0559289AB71000CADD1E /* QSTabBarView.swift in Sources */ = {isa = PBXBuildFile; fileRef = 8EEF0558289AB71000CADD1E /* QSTabBarView.swift */; };
		8EEF055B289AB72400CADD1E /* QSTabBarItem.swift in Sources */ = {isa = PBXBuildFile; fileRef = 8EEF055A289AB72400CADD1E /* QSTabBarItem.swift */; };
/* End PBXBuildFile section */

/* Begin PBXContainerItemProxy section */
		8E7601A226C78B75002ADF00 /* PBXContainerItemProxy */ = {
			isa = PBXContainerItemProxy;
			containerPortal = 8E76018126C78B74002ADF00 /* Project object */;
			proxyType = 1;
			remoteGlobalIDString = 8E76018826C78B74002ADF00;
			remoteInfo = QSSwiftDemo;
		};
		8E7601AD26C78B75002ADF00 /* PBXContainerItemProxy */ = {
			isa = PBXContainerItemProxy;
			containerPortal = 8E76018126C78B74002ADF00 /* Project object */;
			proxyType = 1;
			remoteGlobalIDString = 8E76018826C78B74002ADF00;
			remoteInfo = QSSwiftDemo;
		};
/* End PBXContainerItemProxy section */

/* Begin PBXFileReference section */
		8E0EE03828A8CE3E00A083E3 /* QSProtocolTest.swift */ = {isa = PBXFileReference; lastKnownFileType = sourcecode.swift; path = QSProtocolTest.swift; sourceTree = "<group>"; };
		8E0EE03A28A93F1900A083E3 /* QSExtensionTest.swift */ = {isa = PBXFileReference; lastKnownFileType = sourcecode.swift; path = QSExtensionTest.swift; sourceTree = "<group>"; };
		8E0EE03C28A9455300A083E3 /* QSBlockTest.swift */ = {isa = PBXFileReference; lastKnownFileType = sourcecode.swift; path = QSBlockTest.swift; sourceTree = "<group>"; };
		8E2878A528ABC8AA0026B3B6 /* QSTabTestController.swift */ = {isa = PBXFileReference; lastKnownFileType = sourcecode.swift; path = QSTabTestController.swift; sourceTree = "<group>"; };
		8E403D072802BF410009A0FF /* QSViewController.swift */ = {isa = PBXFileReference; lastKnownFileType = sourcecode.swift; path = QSViewController.swift; sourceTree = "<group>"; };
		8E7054D12830D07700C074F9 /* CreationalPattern.swift */ = {isa = PBXFileReference; lastKnownFileType = sourcecode.swift; path = CreationalPattern.swift; sourceTree = "<group>"; };
		8E71633228B25A4C00ABA57C /* QSChipGatherTest.swift */ = {isa = PBXFileReference; lastKnownFileType = sourcecode.swift; path = QSChipGatherTest.swift; sourceTree = "<group>"; };
		8E76018926C78B74002ADF00 /* QSSwiftDemo.app */ = {isa = PBXFileReference; explicitFileType = wrapper.application; includeInIndex = 0; path = QSSwiftDemo.app; sourceTree = BUILT_PRODUCTS_DIR; };
		8E76018C26C78B74002ADF00 /* AppDelegate.swift */ = {isa = PBXFileReference; lastKnownFileType = sourcecode.swift; path = AppDelegate.swift; sourceTree = "<group>"; };
		8E76018E26C78B74002ADF00 /* DocumentBrowserViewController.swift */ = {isa = PBXFileReference; lastKnownFileType = sourcecode.swift; path = DocumentBrowserViewController.swift; sourceTree = "<group>"; };
		8E76019026C78B74002ADF00 /* DocumentViewController.swift */ = {isa = PBXFileReference; lastKnownFileType = sourcecode.swift; path = DocumentViewController.swift; sourceTree = "<group>"; };
		8E76019226C78B74002ADF00 /* Document.swift */ = {isa = PBXFileReference; lastKnownFileType = sourcecode.swift; path = Document.swift; sourceTree = "<group>"; };
		8E76019526C78B74002ADF00 /* Base */ = {isa = PBXFileReference; lastKnownFileType = file.storyboard; name = Base; path = Base.lproj/Main.storyboard; sourceTree = "<group>"; };
		8E76019726C78B75002ADF00 /* Assets.xcassets */ = {isa = PBXFileReference; lastKnownFileType = folder.assetcatalog; path = Assets.xcassets; sourceTree = "<group>"; };
		8E76019A26C78B75002ADF00 /* Base */ = {isa = PBXFileReference; lastKnownFileType = file.storyboard; name = Base; path = Base.lproj/LaunchScreen.storyboard; sourceTree = "<group>"; };
		8E76019C26C78B75002ADF00 /* Info.plist */ = {isa = PBXFileReference; lastKnownFileType = text.plist.xml; path = Info.plist; sourceTree = "<group>"; };
		8E7601A126C78B75002ADF00 /* QSSwiftDemoTests.xctest */ = {isa = PBXFileReference; explicitFileType = wrapper.cfbundle; includeInIndex = 0; path = QSSwiftDemoTests.xctest; sourceTree = BUILT_PRODUCTS_DIR; };
		8E7601A526C78B75002ADF00 /* QSSwiftDemoTests.swift */ = {isa = PBXFileReference; lastKnownFileType = sourcecode.swift; path = QSSwiftDemoTests.swift; sourceTree = "<group>"; };
		8E7601A726C78B75002ADF00 /* Info.plist */ = {isa = PBXFileReference; lastKnownFileType = text.plist.xml; path = Info.plist; sourceTree = "<group>"; };
		8E7601AC26C78B75002ADF00 /* QSSwiftDemoUITests.xctest */ = {isa = PBXFileReference; explicitFileType = wrapper.cfbundle; includeInIndex = 0; path = QSSwiftDemoUITests.xctest; sourceTree = BUILT_PRODUCTS_DIR; };
		8E7601B026C78B75002ADF00 /* QSSwiftDemoUITests.swift */ = {isa = PBXFileReference; lastKnownFileType = sourcecode.swift; path = QSSwiftDemoUITests.swift; sourceTree = "<group>"; };
		8E7601B226C78B75002ADF00 /* Info.plist */ = {isa = PBXFileReference; lastKnownFileType = text.plist.xml; path = Info.plist; sourceTree = "<group>"; };
		8E997FD727F980D200D330C3 /* QSBaseTest.swift */ = {isa = PBXFileReference; lastKnownFileType = sourcecode.swift; path = QSBaseTest.swift; sourceTree = "<group>"; };
		8EABB316280BF4F3001782AE /* QSBaseUIAdapter.swift */ = {isa = PBXFileReference; lastKnownFileType = sourcecode.swift; path = QSBaseUIAdapter.swift; sourceTree = "<group>"; };
		8ED6432F28A3EE22005908C5 /* QSEnumTest.swift */ = {isa = PBXFileReference; lastKnownFileType = sourcecode.swift; path = QSEnumTest.swift; sourceTree = "<group>"; };
		8ED6433128A3EE34005908C5 /* QSClassTest.swift */ = {isa = PBXFileReference; lastKnownFileType = sourcecode.swift; path = QSClassTest.swift; sourceTree = "<group>"; };
		8ED6433328A3EE40005908C5 /* QSStructTest.swift */ = {isa = PBXFileReference; lastKnownFileType = sourcecode.swift; path = QSStructTest.swift; sourceTree = "<group>"; };
		8EE21A4028B08C2D0007BDEB /* QSInitTest.swift */ = {isa = PBXFileReference; lastKnownFileType = sourcecode.swift; path = QSInitTest.swift; sourceTree = "<group>"; };
		8EEF0554289AB6EA00CADD1E /* QSTabController.swift */ = {isa = PBXFileReference; lastKnownFileType = sourcecode.swift; path = QSTabController.swift; sourceTree = "<group>"; };
		8EEF0558289AB71000CADD1E /* QSTabBarView.swift */ = {isa = PBXFileReference; lastKnownFileType = sourcecode.swift; path = QSTabBarView.swift; sourceTree = "<group>"; };
		8EEF055A289AB72400CADD1E /* QSTabBarItem.swift */ = {isa = PBXFileReference; lastKnownFileType = sourcecode.swift; path = QSTabBarItem.swift; sourceTree = "<group>"; };
/* End PBXFileReference section */

/* Begin PBXFrameworksBuildPhase section */
		8E76018626C78B74002ADF00 /* Frameworks */ = {
			isa = PBXFrameworksBuildPhase;
			buildActionMask = 2147483647;
			files = (
			);
			runOnlyForDeploymentPostprocessing = 0;
		};
		8E76019E26C78B75002ADF00 /* Frameworks */ = {
			isa = PBXFrameworksBuildPhase;
			buildActionMask = 2147483647;
			files = (
			);
			runOnlyForDeploymentPostprocessing = 0;
		};
		8E7601A926C78B75002ADF00 /* Frameworks */ = {
			isa = PBXFrameworksBuildPhase;
			buildActionMask = 2147483647;
			files = (
			);
			runOnlyForDeploymentPostprocessing = 0;
		};
/* End PBXFrameworksBuildPhase section */

/* Begin PBXGroup section */
		8E2878A428ABC88C0026B3B6 /* Pages */ = {
			isa = PBXGroup;
			children = (
				8E403D072802BF410009A0FF /* QSViewController.swift */,
				8E2878A528ABC8AA0026B3B6 /* QSTabTestController.swift */,
			);
			path = Pages;
			sourceTree = "<group>";
		};
		8E7054D02830CA9700C074F9 /* DesignPatterns */ = {
			isa = PBXGroup;
			children = (
				8E7054D12830D07700C074F9 /* CreationalPattern.swift */,
			);
			path = DesignPatterns;
			sourceTree = "<group>";
		};
		8E76018026C78B74002ADF00 = {
			isa = PBXGroup;
			children = (
				8E76018B26C78B74002ADF00 /* QSSwiftDemo */,
				8E7601A426C78B75002ADF00 /* QSSwiftDemoTests */,
				8E7601AF26C78B75002ADF00 /* QSSwiftDemoUITests */,
				8E76018A26C78B74002ADF00 /* Products */,
			);
			sourceTree = "<group>";
		};
		8E76018A26C78B74002ADF00 /* Products */ = {
			isa = PBXGroup;
			children = (
				8E76018926C78B74002ADF00 /* QSSwiftDemo.app */,
				8E7601A126C78B75002ADF00 /* QSSwiftDemoTests.xctest */,
				8E7601AC26C78B75002ADF00 /* QSSwiftDemoUITests.xctest */,
			);
			name = Products;
			sourceTree = "<group>";
		};
		8E76018B26C78B74002ADF00 /* QSSwiftDemo */ = {
			isa = PBXGroup;
			children = (
				8E76018C26C78B74002ADF00 /* AppDelegate.swift */,
				8E76018E26C78B74002ADF00 /* DocumentBrowserViewController.swift */,
				8E76019026C78B74002ADF00 /* DocumentViewController.swift */,
				8E76019226C78B74002ADF00 /* Document.swift */,
				8E2878A428ABC88C0026B3B6 /* Pages */,
				8ED6432E28A3EDB0005908C5 /* study */,
				8EEF0553289AB66100CADD1E /* TabController */,
				8E7054D02830CA9700C074F9 /* DesignPatterns */,
				8EABB315280BF4A0001782AE /* UIAdapter */,
				8E76019426C78B74002ADF00 /* Main.storyboard */,
				8E76019726C78B75002ADF00 /* Assets.xcassets */,
				8E76019926C78B75002ADF00 /* LaunchScreen.storyboard */,
				8E76019C26C78B75002ADF00 /* Info.plist */,
			);
			path = QSSwiftDemo;
			sourceTree = "<group>";
		};
		8E7601A426C78B75002ADF00 /* QSSwiftDemoTests */ = {
			isa = PBXGroup;
			children = (
				8E7601A526C78B75002ADF00 /* QSSwiftDemoTests.swift */,
				8E7601A726C78B75002ADF00 /* Info.plist */,
			);
			path = QSSwiftDemoTests;
			sourceTree = "<group>";
		};
		8E7601AF26C78B75002ADF00 /* QSSwiftDemoUITests */ = {
			isa = PBXGroup;
			children = (
				8E7601B026C78B75002ADF00 /* QSSwiftDemoUITests.swift */,
				8E7601B226C78B75002ADF00 /* Info.plist */,
			);
			path = QSSwiftDemoUITests;
			sourceTree = "<group>";
		};
		8EABB315280BF4A0001782AE /* UIAdapter */ = {
			isa = PBXGroup;
			children = (
				8EABB316280BF4F3001782AE /* QSBaseUIAdapter.swift */,
			);
			path = UIAdapter;
			sourceTree = "<group>";
		};
		8ED6432E28A3EDB0005908C5 /* study */ = {
			isa = PBXGroup;
			children = (
				8E997FD727F980D200D330C3 /* QSBaseTest.swift */,
				8ED6433128A3EE34005908C5 /* QSClassTest.swift */,
				8E0EE03C28A9455300A083E3 /* QSBlockTest.swift */,
				8ED6433328A3EE40005908C5 /* QSStructTest.swift */,
				8ED6432F28A3EE22005908C5 /* QSEnumTest.swift */,
				8E0EE03828A8CE3E00A083E3 /* QSProtocolTest.swift */,
				8E0EE03A28A93F1900A083E3 /* QSExtensionTest.swift */,
				8EE21A4028B08C2D0007BDEB /* QSInitTest.swift */,
				8E71633228B25A4C00ABA57C /* QSChipGatherTest.swift */,
			);
			path = study;
			sourceTree = "<group>";
		};
		8EEF0553289AB66100CADD1E /* TabController */ = {
			isa = PBXGroup;
			children = (
				8EEF0554289AB6EA00CADD1E /* QSTabController.swift */,
				8EEF0558289AB71000CADD1E /* QSTabBarView.swift */,
				8EEF055A289AB72400CADD1E /* QSTabBarItem.swift */,
			);
			path = TabController;
			sourceTree = "<group>";
		};
/* End PBXGroup section */

/* Begin PBXNativeTarget section */
		8E76018826C78B74002ADF00 /* QSSwiftDemo */ = {
			isa = PBXNativeTarget;
			buildConfigurationList = 8E7601B526C78B75002ADF00 /* Build configuration list for PBXNativeTarget "QSSwiftDemo" */;
			buildPhases = (
				8E76018526C78B74002ADF00 /* Sources */,
				8E76018626C78B74002ADF00 /* Frameworks */,
				8E76018726C78B74002ADF00 /* Resources */,
			);
			buildRules = (
			);
			dependencies = (
			);
			name = QSSwiftDemo;
			productName = QSSwiftDemo;
			productReference = 8E76018926C78B74002ADF00 /* QSSwiftDemo.app */;
			productType = "com.apple.product-type.application";
		};
		8E7601A026C78B75002ADF00 /* QSSwiftDemoTests */ = {
			isa = PBXNativeTarget;
			buildConfigurationList = 8E7601B826C78B75002ADF00 /* Build configuration list for PBXNativeTarget "QSSwiftDemoTests" */;
			buildPhases = (
				8E76019D26C78B75002ADF00 /* Sources */,
				8E76019E26C78B75002ADF00 /* Frameworks */,
				8E76019F26C78B75002ADF00 /* Resources */,
			);
			buildRules = (
			);
			dependencies = (
				8E7601A326C78B75002ADF00 /* PBXTargetDependency */,
			);
			name = QSSwiftDemoTests;
			productName = QSSwiftDemoTests;
			productReference = 8E7601A126C78B75002ADF00 /* QSSwiftDemoTests.xctest */;
			productType = "com.apple.product-type.bundle.unit-test";
		};
		8E7601AB26C78B75002ADF00 /* QSSwiftDemoUITests */ = {
			isa = PBXNativeTarget;
			buildConfigurationList = 8E7601BB26C78B75002ADF00 /* Build configuration list for PBXNativeTarget "QSSwiftDemoUITests" */;
			buildPhases = (
				8E7601A826C78B75002ADF00 /* Sources */,
				8E7601A926C78B75002ADF00 /* Frameworks */,
				8E7601AA26C78B75002ADF00 /* Resources */,
			);
			buildRules = (
			);
			dependencies = (
				8E7601AE26C78B75002ADF00 /* PBXTargetDependency */,
			);
			name = QSSwiftDemoUITests;
			productName = QSSwiftDemoUITests;
			productReference = 8E7601AC26C78B75002ADF00 /* QSSwiftDemoUITests.xctest */;
			productType = "com.apple.product-type.bundle.ui-testing";
		};
/* End PBXNativeTarget section */

/* Begin PBXProject section */
		8E76018126C78B74002ADF00 /* Project object */ = {
			isa = PBXProject;
			attributes = {
				LastSwiftUpdateCheck = 1250;
				LastUpgradeCheck = 1250;
				TargetAttributes = {
					8E76018826C78B74002ADF00 = {
						CreatedOnToolsVersion = 12.5;
					};
					8E7601A026C78B75002ADF00 = {
						CreatedOnToolsVersion = 12.5;
						TestTargetID = 8E76018826C78B74002ADF00;
					};
					8E7601AB26C78B75002ADF00 = {
						CreatedOnToolsVersion = 12.5;
						TestTargetID = 8E76018826C78B74002ADF00;
					};
				};
			};
			buildConfigurationList = 8E76018426C78B74002ADF00 /* Build configuration list for PBXProject "QSSwiftDemo" */;
			compatibilityVersion = "Xcode 9.3";
			developmentRegion = en;
			hasScannedForEncodings = 0;
			knownRegions = (
				en,
				Base,
			);
			mainGroup = 8E76018026C78B74002ADF00;
			productRefGroup = 8E76018A26C78B74002ADF00 /* Products */;
			projectDirPath = "";
			projectRoot = "";
			targets = (
				8E76018826C78B74002ADF00 /* QSSwiftDemo */,
				8E7601A026C78B75002ADF00 /* QSSwiftDemoTests */,
				8E7601AB26C78B75002ADF00 /* QSSwiftDemoUITests */,
			);
		};
/* End PBXProject section */

/* Begin PBXResourcesBuildPhase section */
		8E76018726C78B74002ADF00 /* Resources */ = {
			isa = PBXResourcesBuildPhase;
			buildActionMask = 2147483647;
			files = (
				8E76019B26C78B75002ADF00 /* LaunchScreen.storyboard in Resources */,
				8E76019826C78B75002ADF00 /* Assets.xcassets in Resources */,
				8E76019626C78B74002ADF00 /* Main.storyboard in Resources */,
			);
			runOnlyForDeploymentPostprocessing = 0;
		};
		8E76019F26C78B75002ADF00 /* Resources */ = {
			isa = PBXResourcesBuildPhase;
			buildActionMask = 2147483647;
			files = (
			);
			runOnlyForDeploymentPostprocessing = 0;
		};
		8E7601AA26C78B75002ADF00 /* Resources */ = {
			isa = PBXResourcesBuildPhase;
			buildActionMask = 2147483647;
			files = (
			);
			runOnlyForDeploymentPostprocessing = 0;
		};
/* End PBXResourcesBuildPhase section */

/* Begin PBXSourcesBuildPhase section */
		8E76018526C78B74002ADF00 /* Sources */ = {
			isa = PBXSourcesBuildPhase;
			buildActionMask = 2147483647;
			files = (
				8EEF055B289AB72400CADD1E /* QSTabBarItem.swift in Sources */,
				8E0EE03B28A93F1900A083E3 /* QSExtensionTest.swift in Sources */,
				8E76019326C78B74002ADF00 /* Document.swift in Sources */,
				8ED6433428A3EE40005908C5 /* QSStructTest.swift in Sources */,
				8ED6433228A3EE34005908C5 /* QSClassTest.swift in Sources */,
				8E2878A628ABC8AA0026B3B6 /* QSTabTestController.swift in Sources */,
				8E403D082802BF410009A0FF /* QSViewController.swift in Sources */,
				8EEF0555289AB6EA00CADD1E /* QSTabController.swift in Sources */,
				8E7054D22830D07700C074F9 /* CreationalPattern.swift in Sources */,
				8E0EE03D28A9455300A083E3 /* QSBlockTest.swift in Sources */,
				8ED6433028A3EE22005908C5 /* QSEnumTest.swift in Sources */,
				8E997FD827F980D200D330C3 /* QSBaseTest.swift in Sources */,
				8E76019126C78B74002ADF00 /* DocumentViewController.swift in Sources */,
				8EE21A4128B08C2D0007BDEB /* QSInitTest.swift in Sources */,
				8E76018F26C78B74002ADF00 /* DocumentBrowserViewController.swift in Sources */,
				8EEF0559289AB71000CADD1E /* QSTabBarView.swift in Sources */,
				8E71633328B25A4C00ABA57C /* QSChipGatherTest.swift in Sources */,
				8EABB317280BF4F3001782AE /* QSBaseUIAdapter.swift in Sources */,
				8E76018D26C78B74002ADF00 /* AppDelegate.swift in Sources */,
				8E0EE03928A8CE3E00A083E3 /* QSProtocolTest.swift in Sources */,
			);
			runOnlyForDeploymentPostprocessing = 0;
		};
		8E76019D26C78B75002ADF00 /* Sources */ = {
			isa = PBXSourcesBuildPhase;
			buildActionMask = 2147483647;
			files = (
				8E7601A626C78B75002ADF00 /* QSSwiftDemoTests.swift in Sources */,
			);
			runOnlyForDeploymentPostprocessing = 0;
		};
		8E7601A826C78B75002ADF00 /* Sources */ = {
			isa = PBXSourcesBuildPhase;
			buildActionMask = 2147483647;
			files = (
				8E7601B126C78B75002ADF00 /* QSSwiftDemoUITests.swift in Sources */,
			);
			runOnlyForDeploymentPostprocessing = 0;
		};
/* End PBXSourcesBuildPhase section */

/* Begin PBXTargetDependency section */
		8E7601A326C78B75002ADF00 /* PBXTargetDependency */ = {
			isa = PBXTargetDependency;
			target = 8E76018826C78B74002ADF00 /* QSSwiftDemo */;
			targetProxy = 8E7601A226C78B75002ADF00 /* PBXContainerItemProxy */;
		};
		8E7601AE26C78B75002ADF00 /* PBXTargetDependency */ = {
			isa = PBXTargetDependency;
			target = 8E76018826C78B74002ADF00 /* QSSwiftDemo */;
			targetProxy = 8E7601AD26C78B75002ADF00 /* PBXContainerItemProxy */;
		};
/* End PBXTargetDependency section */

/* Begin PBXVariantGroup section */
		8E76019426C78B74002ADF00 /* Main.storyboard */ = {
			isa = PBXVariantGroup;
			children = (
				8E76019526C78B74002ADF00 /* Base */,
			);
			name = Main.storyboard;
			sourceTree = "<group>";
		};
		8E76019926C78B75002ADF00 /* LaunchScreen.storyboard */ = {
			isa = PBXVariantGroup;
			children = (
				8E76019A26C78B75002ADF00 /* Base */,
			);
			name = LaunchScreen.storyboard;
			sourceTree = "<group>";
		};
/* End PBXVariantGroup section */

/* Begin XCBuildConfiguration section */
		8E7601B326C78B75002ADF00 /* Debug */ = {
			isa = XCBuildConfiguration;
			buildSettings = {
				ALWAYS_SEARCH_USER_PATHS = NO;
				CLANG_ANALYZER_NONNULL = YES;
				CLANG_ANALYZER_NUMBER_OBJECT_CONVERSION = YES_AGGRESSIVE;
				CLANG_CXX_LANGUAGE_STANDARD = "gnu++14";
				CLANG_CXX_LIBRARY = "libc++";
				CLANG_ENABLE_MODULES = YES;
				CLANG_ENABLE_OBJC_ARC = YES;
				CLANG_ENABLE_OBJC_WEAK = YES;
				CLANG_WARN_BLOCK_CAPTURE_AUTORELEASING = YES;
				CLANG_WARN_BOOL_CONVERSION = YES;
				CLANG_WARN_COMMA = YES;
				CLANG_WARN_CONSTANT_CONVERSION = YES;
				CLANG_WARN_DEPRECATED_OBJC_IMPLEMENTATIONS = YES;
				CLANG_WARN_DIRECT_OBJC_ISA_USAGE = YES_ERROR;
				CLANG_WARN_DOCUMENTATION_COMMENTS = YES;
				CLANG_WARN_EMPTY_BODY = YES;
				CLANG_WARN_ENUM_CONVERSION = YES;
				CLANG_WARN_INFINITE_RECURSION = YES;
				CLANG_WARN_INT_CONVERSION = YES;
				CLANG_WARN_NON_LITERAL_NULL_CONVERSION = YES;
				CLANG_WARN_OBJC_IMPLICIT_RETAIN_SELF = YES;
				CLANG_WARN_OBJC_LITERAL_CONVERSION = YES;
				CLANG_WARN_OBJC_ROOT_CLASS = YES_ERROR;
				CLANG_WARN_QUOTED_INCLUDE_IN_FRAMEWORK_HEADER = YES;
				CLANG_WARN_RANGE_LOOP_ANALYSIS = YES;
				CLANG_WARN_STRICT_PROTOTYPES = YES;
				CLANG_WARN_SUSPICIOUS_MOVE = YES;
				CLANG_WARN_UNGUARDED_AVAILABILITY = YES_AGGRESSIVE;
				CLANG_WARN_UNREACHABLE_CODE = YES;
				CLANG_WARN__DUPLICATE_METHOD_MATCH = YES;
				COPY_PHASE_STRIP = NO;
				DEBUG_INFORMATION_FORMAT = dwarf;
				ENABLE_STRICT_OBJC_MSGSEND = YES;
				ENABLE_TESTABILITY = YES;
				GCC_C_LANGUAGE_STANDARD = gnu11;
				GCC_DYNAMIC_NO_PIC = NO;
				GCC_NO_COMMON_BLOCKS = YES;
				GCC_OPTIMIZATION_LEVEL = 0;
				GCC_PREPROCESSOR_DEFINITIONS = (
					"DEBUG=1",
					"$(inherited)",
				);
				GCC_WARN_64_TO_32_BIT_CONVERSION = YES;
				GCC_WARN_ABOUT_RETURN_TYPE = YES_ERROR;
				GCC_WARN_UNDECLARED_SELECTOR = YES;
				GCC_WARN_UNINITIALIZED_AUTOS = YES_AGGRESSIVE;
				GCC_WARN_UNUSED_FUNCTION = YES;
				GCC_WARN_UNUSED_VARIABLE = YES;
				IPHONEOS_DEPLOYMENT_TARGET = 14.5;
				MTL_ENABLE_DEBUG_INFO = INCLUDE_SOURCE;
				MTL_FAST_MATH = YES;
				ONLY_ACTIVE_ARCH = YES;
				SDKROOT = iphoneos;
				SWIFT_ACTIVE_COMPILATION_CONDITIONS = DEBUG;
				SWIFT_OPTIMIZATION_LEVEL = "-Onone";
			};
			name = Debug;
		};
		8E7601B426C78B75002ADF00 /* Release */ = {
			isa = XCBuildConfiguration;
			buildSettings = {
				ALWAYS_SEARCH_USER_PATHS = NO;
				CLANG_ANALYZER_NONNULL = YES;
				CLANG_ANALYZER_NUMBER_OBJECT_CONVERSION = YES_AGGRESSIVE;
				CLANG_CXX_LANGUAGE_STANDARD = "gnu++14";
				CLANG_CXX_LIBRARY = "libc++";
				CLANG_ENABLE_MODULES = YES;
				CLANG_ENABLE_OBJC_ARC = YES;
				CLANG_ENABLE_OBJC_WEAK = YES;
				CLANG_WARN_BLOCK_CAPTURE_AUTORELEASING = YES;
				CLANG_WARN_BOOL_CONVERSION = YES;
				CLANG_WARN_COMMA = YES;
				CLANG_WARN_CONSTANT_CONVERSION = YES;
				CLANG_WARN_DEPRECATED_OBJC_IMPLEMENTATIONS = YES;
				CLANG_WARN_DIRECT_OBJC_ISA_USAGE = YES_ERROR;
				CLANG_WARN_DOCUMENTATION_COMMENTS = YES;
				CLANG_WARN_EMPTY_BODY = YES;
				CLANG_WARN_ENUM_CONVERSION = YES;
				CLANG_WARN_INFINITE_RECURSION = YES;
				CLANG_WARN_INT_CONVERSION = YES;
				CLANG_WARN_NON_LITERAL_NULL_CONVERSION = YES;
				CLANG_WARN_OBJC_IMPLICIT_RETAIN_SELF = YES;
				CLANG_WARN_OBJC_LITERAL_CONVERSION = YES;
				CLANG_WARN_OBJC_ROOT_CLASS = YES_ERROR;
				CLANG_WARN_QUOTED_INCLUDE_IN_FRAMEWORK_HEADER = YES;
				CLANG_WARN_RANGE_LOOP_ANALYSIS = YES;
				CLANG_WARN_STRICT_PROTOTYPES = YES;
				CLANG_WARN_SUSPICIOUS_MOVE = YES;
				CLANG_WARN_UNGUARDED_AVAILABILITY = YES_AGGRESSIVE;
				CLANG_WARN_UNREACHABLE_CODE = YES;
				CLANG_WARN__DUPLICATE_METHOD_MATCH = YES;
				COPY_PHASE_STRIP = NO;
				DEBUG_INFORMATION_FORMAT = "dwarf-with-dsym";
				ENABLE_NS_ASSERTIONS = NO;
				ENABLE_STRICT_OBJC_MSGSEND = YES;
				GCC_C_LANGUAGE_STANDARD = gnu11;
				GCC_NO_COMMON_BLOCKS = YES;
				GCC_WARN_64_TO_32_BIT_CONVERSION = YES;
				GCC_WARN_ABOUT_RETURN_TYPE = YES_ERROR;
				GCC_WARN_UNDECLARED_SELECTOR = YES;
				GCC_WARN_UNINITIALIZED_AUTOS = YES_AGGRESSIVE;
				GCC_WARN_UNUSED_FUNCTION = YES;
				GCC_WARN_UNUSED_VARIABLE = YES;
				IPHONEOS_DEPLOYMENT_TARGET = 14.5;
				MTL_ENABLE_DEBUG_INFO = NO;
				MTL_FAST_MATH = YES;
				SDKROOT = iphoneos;
				SWIFT_COMPILATION_MODE = wholemodule;
				SWIFT_OPTIMIZATION_LEVEL = "-O";
				VALIDATE_PRODUCT = YES;
			};
			name = Release;
		};
		8E7601B626C78B75002ADF00 /* Debug */ = {
			isa = XCBuildConfiguration;
			buildSettings = {
				ASSETCATALOG_COMPILER_APPICON_NAME = AppIcon;
				ASSETCATALOG_COMPILER_GLOBAL_ACCENT_COLOR_NAME = AccentColor;
				CODE_SIGN_STYLE = Automatic;
				INFOPLIST_FILE = QSSwiftDemo/Info.plist;
				LD_RUNPATH_SEARCH_PATHS = (
					"$(inherited)",
					"@executable_path/Frameworks",
				);
				PRODUCT_BUNDLE_IDENTIFIER = com.tianmaotao.test.QSSwiftDemo;
				PRODUCT_NAME = "$(TARGET_NAME)";
				SWIFT_VERSION = 5.0;
				TARGETED_DEVICE_FAMILY = "1,2";
			};
			name = Debug;
		};
		8E7601B726C78B75002ADF00 /* Release */ = {
			isa = XCBuildConfiguration;
			buildSettings = {
				ASSETCATALOG_COMPILER_APPICON_NAME = AppIcon;
				ASSETCATALOG_COMPILER_GLOBAL_ACCENT_COLOR_NAME = AccentColor;
				CODE_SIGN_STYLE = Automatic;
				INFOPLIST_FILE = QSSwiftDemo/Info.plist;
				LD_RUNPATH_SEARCH_PATHS = (
					"$(inherited)",
					"@executable_path/Frameworks",
				);
				PRODUCT_BUNDLE_IDENTIFIER = com.tianmaotao.test.QSSwiftDemo;
				PRODUCT_NAME = "$(TARGET_NAME)";
				SWIFT_VERSION = 5.0;
				TARGETED_DEVICE_FAMILY = "1,2";
			};
			name = Release;
		};
		8E7601B926C78B75002ADF00 /* Debug */ = {
			isa = XCBuildConfiguration;
			buildSettings = {
				ALWAYS_EMBED_SWIFT_STANDARD_LIBRARIES = YES;
				BUNDLE_LOADER = "$(TEST_HOST)";
				CODE_SIGN_STYLE = Automatic;
				INFOPLIST_FILE = QSSwiftDemoTests/Info.plist;
				IPHONEOS_DEPLOYMENT_TARGET = 14.5;
				LD_RUNPATH_SEARCH_PATHS = (
					"$(inherited)",
					"@executable_path/Frameworks",
					"@loader_path/Frameworks",
				);
				PRODUCT_BUNDLE_IDENTIFIER = com.tianmaotao.test.QSSwiftDemoTests;
				PRODUCT_NAME = "$(TARGET_NAME)";
				SWIFT_VERSION = 5.0;
				TARGETED_DEVICE_FAMILY = "1,2";
				TEST_HOST = "$(BUILT_PRODUCTS_DIR)/QSSwiftDemo.app/QSSwiftDemo";
			};
			name = Debug;
		};
		8E7601BA26C78B75002ADF00 /* Release */ = {
			isa = XCBuildConfiguration;
			buildSettings = {
				ALWAYS_EMBED_SWIFT_STANDARD_LIBRARIES = YES;
				BUNDLE_LOADER = "$(TEST_HOST)";
				CODE_SIGN_STYLE = Automatic;
				INFOPLIST_FILE = QSSwiftDemoTests/Info.plist;
				IPHONEOS_DEPLOYMENT_TARGET = 14.5;
				LD_RUNPATH_SEARCH_PATHS = (
					"$(inherited)",
					"@executable_path/Frameworks",
					"@loader_path/Frameworks",
				);
				PRODUCT_BUNDLE_IDENTIFIER = com.tianmaotao.test.QSSwiftDemoTests;
				PRODUCT_NAME = "$(TARGET_NAME)";
				SWIFT_VERSION = 5.0;
				TARGETED_DEVICE_FAMILY = "1,2";
				TEST_HOST = "$(BUILT_PRODUCTS_DIR)/QSSwiftDemo.app/QSSwiftDemo";
			};
			name = Release;
		};
		8E7601BC26C78B75002ADF00 /* Debug */ = {
			isa = XCBuildConfiguration;
			buildSettings = {
				ALWAYS_EMBED_SWIFT_STANDARD_LIBRARIES = YES;
				CODE_SIGN_STYLE = Automatic;
				INFOPLIST_FILE = QSSwiftDemoUITests/Info.plist;
				LD_RUNPATH_SEARCH_PATHS = (
					"$(inherited)",
					"@executable_path/Frameworks",
					"@loader_path/Frameworks",
				);
				PRODUCT_BUNDLE_IDENTIFIER = com.tianmaotao.test.QSSwiftDemoUITests;
				PRODUCT_NAME = "$(TARGET_NAME)";
				SWIFT_VERSION = 5.0;
				TARGETED_DEVICE_FAMILY = "1,2";
				TEST_TARGET_NAME = QSSwiftDemo;
			};
			name = Debug;
		};
		8E7601BD26C78B75002ADF00 /* Release */ = {
			isa = XCBuildConfiguration;
			buildSettings = {
				ALWAYS_EMBED_SWIFT_STANDARD_LIBRARIES = YES;
				CODE_SIGN_STYLE = Automatic;
				INFOPLIST_FILE = QSSwiftDemoUITests/Info.plist;
				LD_RUNPATH_SEARCH_PATHS = (
					"$(inherited)",
					"@executable_path/Frameworks",
					"@loader_path/Frameworks",
				);
				PRODUCT_BUNDLE_IDENTIFIER = com.tianmaotao.test.QSSwiftDemoUITests;
				PRODUCT_NAME = "$(TARGET_NAME)";
				SWIFT_VERSION = 5.0;
				TARGETED_DEVICE_FAMILY = "1,2";
				TEST_TARGET_NAME = QSSwiftDemo;
			};
			name = Release;
		};
/* End XCBuildConfiguration section */

/* Begin XCConfigurationList section */
		8E76018426C78B74002ADF00 /* Build configuration list for PBXProject "QSSwiftDemo" */ = {
			isa = XCConfigurationList;
			buildConfigurations = (
				8E7601B326C78B75002ADF00 /* Debug */,
				8E7601B426C78B75002ADF00 /* Release */,
			);
			defaultConfigurationIsVisible = 0;
			defaultConfigurationName = Release;
		};
		8E7601B526C78B75002ADF00 /* Build configuration list for PBXNativeTarget "QSSwiftDemo" */ = {
			isa = XCConfigurationList;
			buildConfigurations = (
				8E7601B626C78B75002ADF00 /* Debug */,
				8E7601B726C78B75002ADF00 /* Release */,
			);
			defaultConfigurationIsVisible = 0;
			defaultConfigurationName = Release;
		};
		8E7601B826C78B75002ADF00 /* Build configuration list for PBXNativeTarget "QSSwiftDemoTests" */ = {
			isa = XCConfigurationList;
			buildConfigurations = (
				8E7601B926C78B75002ADF00 /* Debug */,
				8E7601BA26C78B75002ADF00 /* Release */,
			);
			defaultConfigurationIsVisible = 0;
			defaultConfigurationName = Release;
		};
		8E7601BB26C78B75002ADF00 /* Build configuration list for PBXNativeTarget "QSSwiftDemoUITests" */ = {
			isa = XCConfigurationList;
			buildConfigurations = (
				8E7601BC26C78B75002ADF00 /* Debug */,
				8E7601BD26C78B75002ADF00 /* Release */,
			);
			defaultConfigurationIsVisible = 0;
			defaultConfigurationName = Release;
		};
/* End XCConfigurationList section */
	};
	rootObject = 8E76018126C78B74002ADF00 /* Project object */;
}
